
Microsoft Visual Studio Solution File, Format Version 12.00
# Visual Studio Version 16
VisualStudioVersion = 16.0.30523.141
MinimumVisualStudioVersion = 10.0.40219.1
Project("{8BC9CEB8-8B4A-11D0-8D11-00A0C91BC942}") = "test_DSP", "test_DSP.vcxproj", "{F3B0F821-E238-41C5-A5D3-099D88652E41}"
EndProject
Global
	GlobalSection(SolutionConfigurationPlatforms) = preSolution
		Debug|x64 = Debug|x64
		Debug|x86 = Debug|x86
		Release|x64 = Release|x64
		Release|x86 = Release|x86
	EndGlobalSection
	GlobalSection(ProjectConfigurationPlatforms) = postSolution
		{F3B0F821-E238-41C5-A5D3-099D88652E41}.Debug|x64.ActiveCfg = Debug|x64
		{F3B0F821-E238-41C5-A5D3-099D88652E41}.Debug|x64.Build.0 = Debug|x64
		{F3B0F821-E238-41C5-A5D3-099D88652E41}.Debug|x86.ActiveCfg = Debug|Win32
		{F3B0F821-E238-41C5-A5D3-099D88652E41}.Debug|x86.Build.0 = Debug|Win32
		{F3B0F821-E238-41C5-A5D3-099D88652E41}.Release|x64.ActiveCfg = Release|x64
		{F3B0F821-E238-41C5-A5D3-099D88652E41}.Release|x64.Build.0 = Release|x64
		{F3B0F821-E238-41C5-A5D3-099D88652E41}.Release|x86.ActiveCfg = Release|Win32
		{F3B0F821-E238-41C5-A5D3-099D88652E41}.Release|x86.Build.0 = Release|Win32
	EndGlobalSection
	GlobalSection(SolutionProperties) = preSolution
		HideSolutionNode = FALSE
	EndGlobalSection
	GlobalSection(ExtensibilityGlobals) = postSolution
		SolutionGuid = {D6CE38A1-C20C-4B36-AECB-A0B7B10872A4}
	EndGlobalSection
EndGlobal
